
Microsoft Visual Studio Solution File, Format Version 12.00
# Visual Studio 15
Project("{FAE04EC0-301F-11D3-BF4B-00C04F79EFBC}") = "UnityEngine.TestRunner", "UnityEngine.TestRunner.csproj", "{A8DDB85E-C4C7-CF22-AA37-A8546E21482A}"
EndProject
Project("{FAE04EC0-301F-11D3-BF4B-00C04F79EFBC}") = "UnityEngine.UI", "UnityEngine.UI.csproj", "{BC77C548-9CDB-466B-C26A-397864E2E19B}"
EndProject
Project("{FAE04EC0-301F-11D3-BF4B-00C04F79EFBC}") = "Unity.Timeline", "Unity.Timeline.csproj", "{1867B995-E921-81B8-26DE-8969568D7A3B}"
EndProject
Project("{FAE04EC0-301F-11D3-BF4B-00C04F79EFBC}") = "Unity.TextMeshPro", "Unity.TextMeshPro.csproj", "{26A13B79-CD89-8904-CF4D-91CE1B55C8F5}"
EndProject
Project("{FAE04EC0-301F-11D3-BF4B-00C04F79EFBC}") = "Assembly-CSharp", "Assembly-CSharp.csproj", "{225F9F20-EA1E-1A21-4324-651B239DFA39}"
EndProject
Project("{FAE04EC0-301F-11D3-BF4B-00C04F79EFBC}") = "UnityEditor.TestRunner", "UnityEditor.TestRunner.csproj", "{41986033-DF61-9A53-85B7-B046818292AE}"
EndProject
Project("{FAE04EC0-301F-11D3-BF4B-00C04F79EFBC}") = "Unity.PlasticSCM.Editor", "Unity.PlasticSCM.Editor.csproj", "{46316E2A-6F49-827C-6082-3CA1613A30A3}"
EndProject
Project("{FAE04EC0-301F-11D3-BF4B-00C04F79EFBC}") = "UnityEditor.UI", "UnityEditor.UI.csproj", "{B155E323-E835-4EA8-C6C5-143C8879C5FF}"
EndProject
Project("{FAE04EC0-301F-11D3-BF4B-00C04F79EFBC}") = "Unity.Services.Core.Editor", "Unity.Services.Core.Editor.csproj", "{5ED2377B-15C7-BE26-7083-050ABAC96B3F}"
EndProject
Project("{FAE04EC0-301F-11D3-BF4B-00C04F79EFBC}") = "Unity.Timeline.Editor", "Unity.Timeline.Editor.csproj", "{0D4FE43E-FC98-DE66-DB5A-568F94C483CB}"
EndProject
Project("{FAE04EC0-301F-11D3-BF4B-00C04F79EFBC}") = "Unity.VisualStudio.Editor", "Unity.VisualStudio.Editor.csproj", "{F8967621-60DC-2A1F-DC4F-F9B5CDB14F63}"
EndProject
Project("{FAE04EC0-301F-11D3-BF4B-00C04F79EFBC}") = "Unity.TextMeshPro.Editor", "Unity.TextMeshPro.Editor.csproj", "{BC6EE464-2EA1-56A0-0C6A-0AC2587CFAE2}"
EndProject
Project("{FAE04EC0-301F-11D3-BF4B-00C04F79EFBC}") = "Unity.CollabProxy.Editor", "Unity.CollabProxy.Editor.csproj", "{E4FF62C7-A5EB-CDB4-923D-8C2009203D7E}"
EndProject
Project("{FAE04EC0-301F-11D3-BF4B-00C04F79EFBC}") = "Unity.Rider.Editor", "Unity.Rider.Editor.csproj", "{4018B2BA-A8F2-396C-F795-03613BB8B5A2}"
EndProject
Project("{FAE04EC0-301F-11D3-BF4B-00C04F79EFBC}") = "Unity.VSCode.Editor", "Unity.VSCode.Editor.csproj", "{B00BCB80-A50A-CE84-399F-52D00D5093F5}"
EndProject
Project("{FAE04EC0-301F-11D3-BF4B-00C04F79EFBC}") = "UnityEngine.TestRunner", "UnityEngine.TestRunner.Player.csproj", "{57042981-AEE0-657A-037E-3AE9B83BEC0C}"
EndProject
Project("{FAE04EC0-301F-11D3-BF4B-00C04F79EFBC}") = "UnityEngine.UI", "UnityEngine.UI.Player.csproj", "{34B2A94E-04F9-4352-9259-14EEBC269795}"
EndProject
Project("{FAE04EC0-301F-11D3-BF4B-00C04F79EFBC}") = "Unity.Timeline", "Unity.Timeline.Player.csproj", "{6D054661-162C-DCB7-CB5B-79E66AE17BB3}"
EndProject
Project("{FAE04EC0-301F-11D3-BF4B-00C04F79EFBC}") = "Unity.TextMeshPro", "Unity.TextMeshPro.Player.csproj", "{8F66D07D-A86D-95F7-27A3-6657BC52294A}"
EndProject
Project("{FAE04EC0-301F-11D3-BF4B-00C04F79EFBC}") = "Assembly-CSharp", "Assembly-CSharp.Player.csproj", "{AC83997C-E5FD-9249-A089-1F9CC0CAD8EC}"
EndProject
Global
	GlobalSection(SolutionConfigurationPlatforms) = preSolution
		Debug|Any CPU = Debug|Any CPU
		Release|Any CPU = Release|Any CPU
	EndGlobalSection
	GlobalSection(ProjectConfigurationPlatforms) = postSolution
		{A8DDB85E-C4C7-CF22-AA37-A8546E21482A}.Debug|Any CPU.ActiveCfg = Debug|Any CPU
		{A8DDB85E-C4C7-CF22-AA37-A8546E21482A}.Debug|Any CPU.Build.0 = Debug|Any CPU
		{A8DDB85E-C4C7-CF22-AA37-A8546E21482A}.Release|Any CPU.ActiveCfg = Release|Any CPU
		{A8DDB85E-C4C7-CF22-AA37-A8546E21482A}.Release|Any CPU.Build.0 = Release|Any CPU
		{BC77C548-9CDB-466B-C26A-397864E2E19B}.Debug|Any CPU.ActiveCfg = Debug|Any CPU
		{BC77C548-9CDB-466B-C26A-397864E2E19B}.Debug|Any CPU.Build.0 = Debug|Any CPU
		{BC77C548-9CDB-466B-C26A-397864E2E19B}.Release|Any CPU.ActiveCfg = Release|Any CPU
		{BC77C548-9CDB-466B-C26A-397864E2E19B}.Release|Any CPU.Build.0 = Release|Any CPU
		{1867B995-E921-81B8-26DE-8969568D7A3B}.Debug|Any CPU.ActiveCfg = Debug|Any CPU
		{1867B995-E921-81B8-26DE-8969568D7A3B}.Debug|Any CPU.Build.0 = Debug|Any CPU
		{1867B995-E921-81B8-26DE-8969568D7A3B}.Release|Any CPU.ActiveCfg = Release|Any CPU
		{1867B995-E921-81B8-26DE-8969568D7A3B}.Release|Any CPU.Build.0 = Release|Any CPU
		{26A13B79-CD89-8904-CF4D-91CE1B55C8F5}.Debug|Any CPU.ActiveCfg = Debug|Any CPU
		{26A13B79-CD89-8904-CF4D-91CE1B55C8F5}.Debug|Any CPU.Build.0 = Debug|Any CPU
		{26A13B79-CD89-8904-CF4D-91CE1B55C8F5}.Release|Any CPU.ActiveCfg = Release|Any CPU
		{26A13B79-CD89-8904-CF4D-91CE1B55C8F5}.Release|Any CPU.Build.0 = Release|Any CPU
		{225F9F20-EA1E-1A21-4324-651B239DFA39}.Debug|Any CPU.ActiveCfg = Debug|Any CPU
		{225F9F20-EA1E-1A21-4324-651B239DFA39}.Debug|Any CPU.Build.0 = Debug|Any CPU
		{225F9F20-EA1E-1A21-4324-651B239DFA39}.Release|Any CPU.ActiveCfg = Release|Any CPU
		{225F9F20-EA1E-1A21-4324-651B239DFA39}.Release|Any CPU.Build.0 = Release|Any CPU
		{41986033-DF61-9A53-85B7-B046818292AE}.Debug|Any CPU.ActiveCfg = Debug|Any CPU
		{41986033-DF61-9A53-85B7-B046818292AE}.Debug|Any CPU.Build.0 = Debug|Any CPU
		{41986033-DF61-9A53-85B7-B046818292AE}.Release|Any CPU.ActiveCfg = Release|Any CPU
		{41986033-DF61-9A53-85B7-B046818292AE}.Release|Any CPU.Build.0 = Release|Any CPU
		{46316E2A-6F49-827C-6082-3CA1613A30A3}.Debug|Any CPU.ActiveCfg = Debug|Any CPU
		{46316E2A-6F49-827C-6082-3CA1613A30A3}.Debug|Any CPU.Build.0 = Debug|Any CPU
		{46316E2A-6F49-827C-6082-3CA1613A30A3}.Release|Any CPU.ActiveCfg = Release|Any CPU
		{46316E2A-6F49-827C-6082-3CA1613A30A3}.Release|Any CPU.Build.0 = Release|Any CPU
		{B155E323-E835-4EA8-C6C5-143C8879C5FF}.Debug|Any CPU.ActiveCfg = Debug|Any CPU
		{B155E323-E835-4EA8-C6C5-143C8879C5FF}.Debug|Any CPU.Build.0 = Debug|Any CPU
		{B155E323-E835-4EA8-C6C5-143C8879C5FF}.Release|Any CPU.ActiveCfg = Release|Any CPU
		{B155E323-E835-4EA8-C6C5-143C8879C5FF}.Release|Any CPU.Build.0 = Release|Any CPU
		{5ED2377B-15C7-BE26-7083-050ABAC96B3F}.Debug|Any CPU.ActiveCfg = Debug|Any CPU
		{5ED2377B-15C7-BE26-7083-050ABAC96B3F}.Debug|Any CPU.Build.0 = Debug|Any CPU
		{5ED2377B-15C7-BE26-7083-050ABAC96B3F}.Release|Any CPU.ActiveCfg = Release|Any CPU
		{5ED2377B-15C7-BE26-7083-050ABAC96B3F}.Release|Any CPU.Build.0 = Release|Any CPU
		{0D4FE43E-FC98-DE66-DB5A-568F94C483CB}.Debug|Any CPU.ActiveCfg = Debug|Any CPU
		{0D4FE43E-FC98-DE66-DB5A-568F94C483CB}.Debug|Any CPU.Build.0 = Debug|Any CPU
		{0D4FE43E-FC98-DE66-DB5A-568F94C483CB}.Release|Any CPU.ActiveCfg = Release|Any CPU
		{0D4FE43E-FC98-DE66-DB5A-568F94C483CB}.Release|Any CPU.Build.0 = Release|Any CPU
		{F8967621-60DC-2A1F-DC4F-F9B5CDB14F63}.Debug|Any CPU.ActiveCfg = Debug|Any CPU
		{F8967621-60DC-2A1F-DC4F-F9B5CDB14F63}.Debug|Any CPU.Build.0 = Debug|Any CPU
		{F8967621-60DC-2A1F-DC4F-F9B5CDB14F63}.Release|Any CPU.ActiveCfg = Release|Any CPU
		{F8967621-60DC-2A1F-DC4F-F9B5CDB14F63}.Release|Any CPU.Build.0 = Release|Any CPU
		{BC6EE464-2EA1-56A0-0C6A-0AC2587CFAE2}.Debug|Any CPU.ActiveCfg = Debug|Any CPU
		{BC6EE464-2EA1-56A0-0C6A-0AC2587CFAE2}.Debug|Any CPU.Build.0 = Debug|Any CPU
		{BC6EE464-2EA1-56A0-0C6A-0AC2587CFAE2}.Release|Any CPU.ActiveCfg = Release|Any CPU
		{BC6EE464-2EA1-56A0-0C6A-0AC2587CFAE2}.Release|Any CPU.Build.0 = Release|Any CPU
		{E4FF62C7-A5EB-CDB4-923D-8C2009203D7E}.Debug|Any CPU.ActiveCfg = Debug|Any CPU
		{E4FF62C7-A5EB-CDB4-923D-8C2009203D7E}.Debug|Any CPU.Build.0 = Debug|Any CPU
		{E4FF62C7-A5EB-CDB4-923D-8C2009203D7E}.Release|Any CPU.ActiveCfg = Release|Any CPU
		{E4FF62C7-A5EB-CDB4-923D-8C2009203D7E}.Release|Any CPU.Build.0 = Release|Any CPU
		{4018B2BA-A8F2-396C-F795-03613BB8B5A2}.Debug|Any CPU.ActiveCfg = Debug|Any CPU
		{4018B2BA-A8F2-396C-F795-03613BB8B5A2}.Debug|Any CPU.Build.0 = Debug|Any CPU
		{4018B2BA-A8F2-396C-F795-03613BB8B5A2}.Release|Any CPU.ActiveCfg = Release|Any CPU
		{4018B2BA-A8F2-396C-F795-03613BB8B5A2}.Release|Any CPU.Build.0 = Release|Any CPU
		{B00BCB80-A50A-CE84-399F-52D00D5093F5}.Debug|Any CPU.ActiveCfg = Debug|Any CPU
		{B00BCB80-A50A-CE84-399F-52D00D5093F5}.Debug|Any CPU.Build.0 = Debug|Any CPU
		{B00BCB80-A50A-CE84-399F-52D00D5093F5}.Release|Any CPU.ActiveCfg = Release|Any CPU
		{B00BCB80-A50A-CE84-399F-52D00D5093F5}.Release|Any CPU.Build.0 = Release|Any CPU
		{57042981-AEE0-657A-037E-3AE9B83BEC0C}.Debug|Any CPU.ActiveCfg = Debug|Any CPU
		{57042981-AEE0-657A-037E-3AE9B83BEC0C}.Debug|Any CPU.Build.0 = Debug|Any CPU
		{57042981-AEE0-657A-037E-3AE9B83BEC0C}.Release|Any CPU.ActiveCfg = Release|Any CPU
		{57042981-AEE0-657A-037E-3AE9B83BEC0C}.Release|Any CPU.Build.0 = Release|Any CPU
		{34B2A94E-04F9-4352-9259-14EEBC269795}.Debug|Any CPU.ActiveCfg = Debug|Any CPU
		{34B2A94E-04F9-4352-9259-14EEBC269795}.Debug|Any CPU.Build.0 = Debug|Any CPU
		{34B2A94E-04F9-4352-9259-14EEBC269795}.Release|Any CPU.ActiveCfg = Release|Any CPU
		{34B2A94E-04F9-4352-9259-14EEBC269795}.Release|Any CPU.Build.0 = Release|Any CPU
		{6D054661-162C-DCB7-CB5B-79E66AE17BB3}.Debug|Any CPU.ActiveCfg = Debug|Any CPU
		{6D054661-162C-DCB7-CB5B-79E66AE17BB3}.Debug|Any CPU.Build.0 = Debug|Any CPU
		{6D054661-162C-DCB7-CB5B-79E66AE17BB3}.Release|Any CPU.ActiveCfg = Release|Any CPU
		{6D054661-162C-DCB7-CB5B-79E66AE17BB3}.Release|Any CPU.Build.0 = Release|Any CPU
		{8F66D07D-A86D-95F7-27A3-6657BC52294A}.Debug|Any CPU.ActiveCfg = Debug|Any CPU
		{8F66D07D-A86D-95F7-27A3-6657BC52294A}.Debug|Any CPU.Build.0 = Debug|Any CPU
		{8F66D07D-A86D-95F7-27A3-6657BC52294A}.Release|Any CPU.ActiveCfg = Release|Any CPU
		{8F66D07D-A86D-95F7-27A3-6657BC52294A}.Release|Any CPU.Build.0 = Release|Any CPU
		{AC83997C-E5FD-9249-A089-1F9CC0CAD8EC}.Debug|Any CPU.ActiveCfg = Debug|Any CPU
		{AC83997C-E5FD-9249-A089-1F9CC0CAD8EC}.Debug|Any CPU.Build.0 = Debug|Any CPU
		{AC83997C-E5FD-9249-A089-1F9CC0CAD8EC}.Release|Any CPU.ActiveCfg = Release|Any CPU
		{AC83997C-E5FD-9249-A089-1F9CC0CAD8EC}.Release|Any CPU.Build.0 = Release|Any CPU
	EndGlobalSection
	GlobalSection(SolutionProperties) = preSolution
		HideSolutionNode = FALSE
	EndGlobalSection
EndGlobal
