
Microsoft Visual Studio Solution File, Format Version 12.00
# Visual Studio 15
Project("{FAE04EC0-301F-11D3-BF4B-00C04F79EFBC}") = "UnityEngine.TestRunner", "UnityEngine.TestRunner.csproj", "{0A88EBB6-AA43-FDF3-3EDA-2AB30ACAF7F5}"
EndProject
Project("{FAE04EC0-301F-11D3-BF4B-00C04F79EFBC}") = "Unity.Timeline", "Unity.Timeline.csproj", "{6C552234-C3F9-0911-13F2-EE1681EB392F}"
EndProject
Project("{FAE04EC0-301F-11D3-BF4B-00C04F79EFBC}") = "Unity.TextMeshPro", "Unity.TextMeshPro.csproj", "{ABA5761D-D6B8-8E64-0CDA-E6C97D469DF8}"
EndProject
Project("{FAE04EC0-301F-11D3-BF4B-00C04F79EFBC}") = "Assembly-CSharp", "Assembly-CSharp.csproj", "{03878DAE-8480-6A42-DABD-139E50896563}"
EndProject
Project("{FAE04EC0-301F-11D3-BF4B-00C04F79EFBC}") = "UnityEditor.TestRunner", "UnityEditor.TestRunner.csproj", "{0D8BB322-B52E-F9DE-A18C-C4FA29D5B1CC}"
EndProject
Project("{FAE04EC0-301F-11D3-BF4B-00C04F79EFBC}") = "Unity.PlasticSCM.Editor", "Unity.PlasticSCM.Editor.csproj", "{7FFD3FE6-3705-2F15-C956-9E1E5615C2F8}"
EndProject
Project("{FAE04EC0-301F-11D3-BF4B-00C04F79EFBC}") = "Unity.Services.Core.Editor", "Unity.Services.Core.Editor.csproj", "{D0798F9E-BFB4-9009-6EE7-6DF93078EB2C}"
EndProject
Project("{FAE04EC0-301F-11D3-BF4B-00C04F79EFBC}") = "Unity.Timeline.Editor", "Unity.Timeline.Editor.csproj", "{4B18EE4A-D808-94EA-985F-6BD17D7BD81C}"
EndProject
Project("{FAE04EC0-301F-11D3-BF4B-00C04F79EFBC}") = "Unity.VisualStudio.Editor", "Unity.VisualStudio.Editor.csproj", "{C5126193-8C7C-EF40-AF18-B63627CE71C8}"
EndProject
Project("{FAE04EC0-301F-11D3-BF4B-00C04F79EFBC}") = "Unity.TextMeshPro.Editor", "Unity.TextMeshPro.Editor.csproj", "{B0C70CA5-682B-75D9-AA0D-14C391981A97}"
EndProject
Project("{FAE04EC0-301F-11D3-BF4B-00C04F79EFBC}") = "Unity.CollabProxy.Editor", "Unity.CollabProxy.Editor.csproj", "{FD89EAEF-2EDE-3106-4825-42FCD5E7A1CB}"
EndProject
Project("{FAE04EC0-301F-11D3-BF4B-00C04F79EFBC}") = "Unity.Rider.Editor", "Unity.Rider.Editor.csproj", "{ECD3D518-11F9-9EF2-5482-E20E80E28623}"
EndProject
Project("{FAE04EC0-301F-11D3-BF4B-00C04F79EFBC}") = "Unity.VSCode.Editor", "Unity.VSCode.Editor.csproj", "{BCC5C02C-EFDC-9D44-1860-FBAD97F523A6}"
EndProject
Global
	GlobalSection(SolutionConfigurationPlatforms) = preSolution
		Debug|Any CPU = Debug|Any CPU
		Release|Any CPU = Release|Any CPU
	EndGlobalSection
	GlobalSection(ProjectConfigurationPlatforms) = postSolution
		{0A88EBB6-AA43-FDF3-3EDA-2AB30ACAF7F5}.Debug|Any CPU.ActiveCfg = Debug|Any CPU
		{0A88EBB6-AA43-FDF3-3EDA-2AB30ACAF7F5}.Debug|Any CPU.Build.0 = Debug|Any CPU
		{0A88EBB6-AA43-FDF3-3EDA-2AB30ACAF7F5}.Release|Any CPU.ActiveCfg = Release|Any CPU
		{0A88EBB6-AA43-FDF3-3EDA-2AB30ACAF7F5}.Release|Any CPU.Build.0 = Release|Any CPU
		{6C552234-C3F9-0911-13F2-EE1681EB392F}.Debug|Any CPU.ActiveCfg = Debug|Any CPU
		{6C552234-C3F9-0911-13F2-EE1681EB392F}.Debug|Any CPU.Build.0 = Debug|Any CPU
		{6C552234-C3F9-0911-13F2-EE1681EB392F}.Release|Any CPU.ActiveCfg = Release|Any CPU
		{6C552234-C3F9-0911-13F2-EE1681EB392F}.Release|Any CPU.Build.0 = Release|Any CPU
		{ABA5761D-D6B8-8E64-0CDA-E6C97D469DF8}.Debug|Any CPU.ActiveCfg = Debug|Any CPU
		{ABA5761D-D6B8-8E64-0CDA-E6C97D469DF8}.Debug|Any CPU.Build.0 = Debug|Any CPU
		{ABA5761D-D6B8-8E64-0CDA-E6C97D469DF8}.Release|Any CPU.ActiveCfg = Release|Any CPU
		{ABA5761D-D6B8-8E64-0CDA-E6C97D469DF8}.Release|Any CPU.Build.0 = Release|Any CPU
		{03878DAE-8480-6A42-DABD-139E50896563}.Debug|Any CPU.ActiveCfg = Debug|Any CPU
		{03878DAE-8480-6A42-DABD-139E50896563}.Debug|Any CPU.Build.0 = Debug|Any CPU
		{03878DAE-8480-6A42-DABD-139E50896563}.Release|Any CPU.ActiveCfg = Release|Any CPU
		{03878DAE-8480-6A42-DABD-139E50896563}.Release|Any CPU.Build.0 = Release|Any CPU
		{0D8BB322-B52E-F9DE-A18C-C4FA29D5B1CC}.Debug|Any CPU.ActiveCfg = Debug|Any CPU
		{0D8BB322-B52E-F9DE-A18C-C4FA29D5B1CC}.Debug|Any CPU.Build.0 = Debug|Any CPU
		{0D8BB322-B52E-F9DE-A18C-C4FA29D5B1CC}.Release|Any CPU.ActiveCfg = Release|Any CPU
		{0D8BB322-B52E-F9DE-A18C-C4FA29D5B1CC}.Release|Any CPU.Build.0 = Release|Any CPU
		{7FFD3FE6-3705-2F15-C956-9E1E5615C2F8}.Debug|Any CPU.ActiveCfg = Debug|Any CPU
		{7FFD3FE6-3705-2F15-C956-9E1E5615C2F8}.Debug|Any CPU.Build.0 = Debug|Any CPU
		{7FFD3FE6-3705-2F15-C956-9E1E5615C2F8}.Release|Any CPU.ActiveCfg = Release|Any CPU
		{7FFD3FE6-3705-2F15-C956-9E1E5615C2F8}.Release|Any CPU.Build.0 = Release|Any CPU
		{D0798F9E-BFB4-9009-6EE7-6DF93078EB2C}.Debug|Any CPU.ActiveCfg = Debug|Any CPU
		{D0798F9E-BFB4-9009-6EE7-6DF93078EB2C}.Debug|Any CPU.Build.0 = Debug|Any CPU
		{D0798F9E-BFB4-9009-6EE7-6DF93078EB2C}.Release|Any CPU.ActiveCfg = Release|Any CPU
		{D0798F9E-BFB4-9009-6EE7-6DF93078EB2C}.Release|Any CPU.Build.0 = Release|Any CPU
		{4B18EE4A-D808-94EA-985F-6BD17D7BD81C}.Debug|Any CPU.ActiveCfg = Debug|Any CPU
		{4B18EE4A-D808-94EA-985F-6BD17D7BD81C}.Debug|Any CPU.Build.0 = Debug|Any CPU
		{4B18EE4A-D808-94EA-985F-6BD17D7BD81C}.Release|Any CPU.ActiveCfg = Release|Any CPU
		{4B18EE4A-D808-94EA-985F-6BD17D7BD81C}.Release|Any CPU.Build.0 = Release|Any CPU
		{C5126193-8C7C-EF40-AF18-B63627CE71C8}.Debug|Any CPU.ActiveCfg = Debug|Any CPU
		{C5126193-8C7C-EF40-AF18-B63627CE71C8}.Debug|Any CPU.Build.0 = Debug|Any CPU
		{C5126193-8C7C-EF40-AF18-B63627CE71C8}.Release|Any CPU.ActiveCfg = Release|Any CPU
		{C5126193-8C7C-EF40-AF18-B63627CE71C8}.Release|Any CPU.Build.0 = Release|Any CPU
		{B0C70CA5-682B-75D9-AA0D-14C391981A97}.Debug|Any CPU.ActiveCfg = Debug|Any CPU
		{B0C70CA5-682B-75D9-AA0D-14C391981A97}.Debug|Any CPU.Build.0 = Debug|Any CPU
		{B0C70CA5-682B-75D9-AA0D-14C391981A97}.Release|Any CPU.ActiveCfg = Release|Any CPU
		{B0C70CA5-682B-75D9-AA0D-14C391981A97}.Release|Any CPU.Build.0 = Release|Any CPU
		{FD89EAEF-2EDE-3106-4825-42FCD5E7A1CB}.Debug|Any CPU.ActiveCfg = Debug|Any CPU
		{FD89EAEF-2EDE-3106-4825-42FCD5E7A1CB}.Debug|Any CPU.Build.0 = Debug|Any CPU
		{FD89EAEF-2EDE-3106-4825-42FCD5E7A1CB}.Release|Any CPU.ActiveCfg = Release|Any CPU
		{FD89EAEF-2EDE-3106-4825-42FCD5E7A1CB}.Release|Any CPU.Build.0 = Release|Any CPU
		{ECD3D518-11F9-9EF2-5482-E20E80E28623}.Debug|Any CPU.ActiveCfg = Debug|Any CPU
		{ECD3D518-11F9-9EF2-5482-E20E80E28623}.Debug|Any CPU.Build.0 = Debug|Any CPU
		{ECD3D518-11F9-9EF2-5482-E20E80E28623}.Release|Any CPU.ActiveCfg = Release|Any CPU
		{ECD3D518-11F9-9EF2-5482-E20E80E28623}.Release|Any CPU.Build.0 = Release|Any CPU
		{BCC5C02C-EFDC-9D44-1860-FBAD97F523A6}.Debug|Any CPU.ActiveCfg = Debug|Any CPU
		{BCC5C02C-EFDC-9D44-1860-FBAD97F523A6}.Debug|Any CPU.Build.0 = Debug|Any CPU
		{BCC5C02C-EFDC-9D44-1860-FBAD97F523A6}.Release|Any CPU.ActiveCfg = Release|Any CPU
		{BCC5C02C-EFDC-9D44-1860-FBAD97F523A6}.Release|Any CPU.Build.0 = Release|Any CPU
	EndGlobalSection
	GlobalSection(SolutionProperties) = preSolution
		HideSolutionNode = FALSE
	EndGlobalSection
EndGlobal
